// !$*UTF8*$!
{
	archiveVersion = 1;
	classes = {
	};
	objectVersion = 56;
	objects = {

/* Begin PBXBuildFile section */
		D3C59B612A7A71C4002143EF /* ShowTableViewCell.swift in Sources */ = {isa = PBXBuildFile; fileRef = D3C59B5F2A7A71C4002143EF /* ShowTableViewCell.swift */; };
		D3C59B622A7A71C4002143EF /* ShowTableViewCell.xib in Resources */ = {isa = PBXBuildFile; fileRef = D3C59B602A7A71C4002143EF /* ShowTableViewCell.xib */; };
		D3C5FCBD2A5D73BB00DF5A4D /* AppDelegate.swift in Sources */ = {isa = PBXBuildFile; fileRef = D3C5FCBC2A5D73BB00DF5A4D /* AppDelegate.swift */; };
		D3C5FCBF2A5D73BB00DF5A4D /* SceneDelegate.swift in Sources */ = {isa = PBXBuildFile; fileRef = D3C5FCBE2A5D73BB00DF5A4D /* SceneDelegate.swift */; };
		D3C5FCC12A5D73BB00DF5A4D /* MainViewController.swift in Sources */ = {isa = PBXBuildFile; fileRef = D3C5FCC02A5D73BB00DF5A4D /* MainViewController.swift */; };
		D3C5FCC42A5D73BB00DF5A4D /* Main.storyboard in Resources */ = {isa = PBXBuildFile; fileRef = D3C5FCC22A5D73BB00DF5A4D /* Main.storyboard */; };
		D3C5FCC62A5D73BD00DF5A4D /* Assets.xcassets in Resources */ = {isa = PBXBuildFile; fileRef = D3C5FCC52A5D73BD00DF5A4D /* Assets.xcassets */; };
		D3C5FCC92A5D73BD00DF5A4D /* LaunchScreen.storyboard in Resources */ = {isa = PBXBuildFile; fileRef = D3C5FCC72A5D73BD00DF5A4D /* LaunchScreen.storyboard */; };
		D3E75C912A5EF639003BA58E /* MarvelApiService.swift in Sources */ = {isa = PBXBuildFile; fileRef = D3E75C902A5EF639003BA58E /* MarvelApiService.swift */; };
		D3E75C932A5EF6D1003BA58E /* Hash-TS.swift in Sources */ = {isa = PBXBuildFile; fileRef = D3E75C922A5EF6D1003BA58E /* Hash-TS.swift */; };
		D3E75C952A5EFA5A003BA58E /* MarvelModel.swift in Sources */ = {isa = PBXBuildFile; fileRef = D3E75C942A5EFA5A003BA58E /* MarvelModel.swift */; };
		D3E75C9C2A61BEBA003BA58E /* MainViewModel.swift in Sources */ = {isa = PBXBuildFile; fileRef = D3E75C9B2A61BEBA003BA58E /* MainViewModel.swift */; };
		D3E75CA22A6302B0003BA58E /* FetchPhoto.swift in Sources */ = {isa = PBXBuildFile; fileRef = D3E75CA12A6302B0003BA58E /* FetchPhoto.swift */; };
		D3E9E1822A64A89000331B1E /* DetailsApiService.swift in Sources */ = {isa = PBXBuildFile; fileRef = D3E9E1812A64A89000331B1E /* DetailsApiService.swift */; };
		D3E9E1842A65834A00331B1E /* SelectedModel.swift in Sources */ = {isa = PBXBuildFile; fileRef = D3E9E1832A65834A00331B1E /* SelectedModel.swift */; };
		D3E9E18E2A667AC700331B1E /* UseCase.swift in Sources */ = {isa = PBXBuildFile; fileRef = D3E9E18D2A667AC700331B1E /* UseCase.swift */; };
/* End PBXBuildFile section */

/* Begin PBXFileReference section */
		D3C59B5F2A7A71C4002143EF /* ShowTableViewCell.swift */ = {isa = PBXFileReference; lastKnownFileType = sourcecode.swift; path = ShowTableViewCell.swift; sourceTree = "<group>"; };
		D3C59B602A7A71C4002143EF /* ShowTableViewCell.xib */ = {isa = PBXFileReference; lastKnownFileType = file.xib; path = ShowTableViewCell.xib; sourceTree = "<group>"; };
		D3C5FCB92A5D73BB00DF5A4D /* MarvelShows.app */ = {isa = PBXFileReference; explicitFileType = wrapper.application; includeInIndex = 0; path = MarvelShows.app; sourceTree = BUILT_PRODUCTS_DIR; };
		D3C5FCBC2A5D73BB00DF5A4D /* AppDelegate.swift */ = {isa = PBXFileReference; lastKnownFileType = sourcecode.swift; path = AppDelegate.swift; sourceTree = "<group>"; };
		D3C5FCBE2A5D73BB00DF5A4D /* SceneDelegate.swift */ = {isa = PBXFileReference; lastKnownFileType = sourcecode.swift; path = SceneDelegate.swift; sourceTree = "<group>"; };
		D3C5FCC02A5D73BB00DF5A4D /* MainViewController.swift */ = {isa = PBXFileReference; lastKnownFileType = sourcecode.swift; path = MainViewController.swift; sourceTree = "<group>"; };
		D3C5FCC32A5D73BB00DF5A4D /* Base */ = {isa = PBXFileReference; lastKnownFileType = file.storyboard; name = Base; path = Base.lproj/Main.storyboard; sourceTree = "<group>"; };
		D3C5FCC52A5D73BD00DF5A4D /* Assets.xcassets */ = {isa = PBXFileReference; lastKnownFileType = folder.assetcatalog; path = Assets.xcassets; sourceTree = "<group>"; };
		D3C5FCC82A5D73BD00DF5A4D /* Base */ = {isa = PBXFileReference; lastKnownFileType = file.storyboard; name = Base; path = Base.lproj/LaunchScreen.storyboard; sourceTree = "<group>"; };
		D3C5FCCA2A5D73BD00DF5A4D /* Info.plist */ = {isa = PBXFileReference; lastKnownFileType = text.plist.xml; path = Info.plist; sourceTree = "<group>"; };
		D3E75C902A5EF639003BA58E /* MarvelApiService.swift */ = {isa = PBXFileReference; lastKnownFileType = sourcecode.swift; path = MarvelApiService.swift; sourceTree = "<group>"; };
		D3E75C922A5EF6D1003BA58E /* Hash-TS.swift */ = {isa = PBXFileReference; lastKnownFileType = sourcecode.swift; path = "Hash-TS.swift"; sourceTree = "<group>"; };
		D3E75C942A5EFA5A003BA58E /* MarvelModel.swift */ = {isa = PBXFileReference; lastKnownFileType = sourcecode.swift; path = MarvelModel.swift; sourceTree = "<group>"; };
		D3E75C9B2A61BEBA003BA58E /* MainViewModel.swift */ = {isa = PBXFileReference; lastKnownFileType = sourcecode.swift; path = MainViewModel.swift; sourceTree = "<group>"; };
		D3E75CA12A6302B0003BA58E /* FetchPhoto.swift */ = {isa = PBXFileReference; lastKnownFileType = sourcecode.swift; path = FetchPhoto.swift; sourceTree = "<group>"; };
		D3E9E1812A64A89000331B1E /* DetailsApiService.swift */ = {isa = PBXFileReference; lastKnownFileType = sourcecode.swift; path = DetailsApiService.swift; sourceTree = "<group>"; };
		D3E9E1832A65834A00331B1E /* SelectedModel.swift */ = {isa = PBXFileReference; lastKnownFileType = sourcecode.swift; path = SelectedModel.swift; sourceTree = "<group>"; };
		D3E9E18D2A667AC700331B1E /* UseCase.swift */ = {isa = PBXFileReference; lastKnownFileType = sourcecode.swift; path = UseCase.swift; sourceTree = "<group>"; };
/* End PBXFileReference section */

/* Begin PBXFrameworksBuildPhase section */
		D3C5FCB62A5D73BB00DF5A4D /* Frameworks */ = {
			isa = PBXFrameworksBuildPhase;
			buildActionMask = 2147483647;
			files = (
			);
			runOnlyForDeploymentPostprocessing = 0;
		};
/* End PBXFrameworksBuildPhase section */

/* Begin PBXGroup section */
		D362B36A2A5DFC4C007F24F9 /* Cells */ = {
			isa = PBXGroup;
			children = (
				D3C59B5F2A7A71C4002143EF /* ShowTableViewCell.swift */,
				D3C59B602A7A71C4002143EF /* ShowTableViewCell.xib */,
			);
			path = Cells;
			sourceTree = "<group>";
		};
		D362B36B2A5E0CC4007F24F9 /* Model */ = {
			isa = PBXGroup;
			children = (
				D3E75C942A5EFA5A003BA58E /* MarvelModel.swift */,
				D3E9E1832A65834A00331B1E /* SelectedModel.swift */,
			);
			path = Model;
			sourceTree = "<group>";
		};
		D362B36C2A5E0CD4007F24F9 /* UseCase */ = {
			isa = PBXGroup;
			children = (
				D3E9E18D2A667AC700331B1E /* UseCase.swift */,
			);
			path = UseCase;
			sourceTree = "<group>";
		};
		D362B36E2A5E0D01007F24F9 /* Data */ = {
			isa = PBXGroup;
			children = (
				D3E75C922A5EF6D1003BA58E /* Hash-TS.swift */,
				D3E75CA12A6302B0003BA58E /* FetchPhoto.swift */,
				D3E75C902A5EF639003BA58E /* MarvelApiService.swift */,
				D3E9E1812A64A89000331B1E /* DetailsApiService.swift */,
			);
			path = Data;
			sourceTree = "<group>";
		};
		D362B36F2A5E0D0B007F24F9 /* Domain */ = {
			isa = PBXGroup;
			children = (
				D362B36C2A5E0CD4007F24F9 /* UseCase */,
				D362B36B2A5E0CC4007F24F9 /* Model */,
			);
			path = Domain;
			sourceTree = "<group>";
		};
		D362B3702A5E0D15007F24F9 /* Presentation */ = {
			isa = PBXGroup;
			children = (
				D362B36A2A5DFC4C007F24F9 /* Cells */,
				D3E75C9F2A61CCB3003BA58E /* Main Page */,
			);
			path = Presentation;
			sourceTree = "<group>";
		};
		D3C5FCB02A5D73BB00DF5A4D = {
			isa = PBXGroup;
			children = (
				D3C5FCBB2A5D73BB00DF5A4D /* MarvelShows */,
				D3C5FCBA2A5D73BB00DF5A4D /* Products */,
			);
			sourceTree = "<group>";
		};
		D3C5FCBA2A5D73BB00DF5A4D /* Products */ = {
			isa = PBXGroup;
			children = (
				D3C5FCB92A5D73BB00DF5A4D /* MarvelShows.app */,
			);
			name = Products;
			sourceTree = "<group>";
		};
		D3C5FCBB2A5D73BB00DF5A4D /* MarvelShows */ = {
			isa = PBXGroup;
			children = (
				D362B36E2A5E0D01007F24F9 /* Data */,
				D362B36F2A5E0D0B007F24F9 /* Domain */,
				D362B3702A5E0D15007F24F9 /* Presentation */,
				D3E75C9A2A61991E003BA58E /* ViewModel */,
				D3C5FCBC2A5D73BB00DF5A4D /* AppDelegate.swift */,
				D3C5FCBE2A5D73BB00DF5A4D /* SceneDelegate.swift */,
				D3C5FCC52A5D73BD00DF5A4D /* Assets.xcassets */,
				D3C5FCC72A5D73BD00DF5A4D /* LaunchScreen.storyboard */,
				D3C5FCCA2A5D73BD00DF5A4D /* Info.plist */,
			);
			path = MarvelShows;
			sourceTree = "<group>";
		};
		D3E75C9A2A61991E003BA58E /* ViewModel */ = {
			isa = PBXGroup;
			children = (
				D3E75C9B2A61BEBA003BA58E /* MainViewModel.swift */,
			);
			path = ViewModel;
			sourceTree = "<group>";
		};
		D3E75C9F2A61CCB3003BA58E /* Main Page */ = {
			isa = PBXGroup;
			children = (
				D3C5FCC22A5D73BB00DF5A4D /* Main.storyboard */,
				D3C5FCC02A5D73BB00DF5A4D /* MainViewController.swift */,
			);
			path = "Main Page";
			sourceTree = "<group>";
		};
/* End PBXGroup section */

/* Begin PBXNativeTarget section */
		D3C5FCB82A5D73BB00DF5A4D /* MarvelShows */ = {
			isa = PBXNativeTarget;
			buildConfigurationList = D3C5FCCD2A5D73BD00DF5A4D /* Build configuration list for PBXNativeTarget "MarvelShows" */;
			buildPhases = (
				D3C5FCB52A5D73BB00DF5A4D /* Sources */,
				D3C5FCB62A5D73BB00DF5A4D /* Frameworks */,
				D3C5FCB72A5D73BB00DF5A4D /* Resources */,
			);
			buildRules = (
			);
			dependencies = (
			);
			name = MarvelShows;
			productName = MarvelShows;
			productReference = D3C5FCB92A5D73BB00DF5A4D /* MarvelShows.app */;
			productType = "com.apple.product-type.application";
		};
/* End PBXNativeTarget section */

/* Begin PBXProject section */
		D3C5FCB12A5D73BB00DF5A4D /* Project object */ = {
			isa = PBXProject;
			attributes = {
				BuildIndependentTargetsInParallel = 1;
				LastSwiftUpdateCheck = 1420;
				LastUpgradeCheck = 1420;
				TargetAttributes = {
					D3C5FCB82A5D73BB00DF5A4D = {
						CreatedOnToolsVersion = 14.2;
					};
				};
			};
			buildConfigurationList = D3C5FCB42A5D73BB00DF5A4D /* Build configuration list for PBXProject "MarvelShows" */;
			compatibilityVersion = "Xcode 14.0";
			developmentRegion = en;
			hasScannedForEncodings = 0;
			knownRegions = (
				en,
				Base,
			);
			mainGroup = D3C5FCB02A5D73BB00DF5A4D;
			productRefGroup = D3C5FCBA2A5D73BB00DF5A4D /* Products */;
			projectDirPath = "";
			projectRoot = "";
			targets = (
				D3C5FCB82A5D73BB00DF5A4D /* MarvelShows */,
			);
		};
/* End PBXProject section */

/* Begin PBXResourcesBuildPhase section */
		D3C5FCB72A5D73BB00DF5A4D /* Resources */ = {
			isa = PBXResourcesBuildPhase;
			buildActionMask = 2147483647;
			files = (
				D3C5FCC92A5D73BD00DF5A4D /* LaunchScreen.storyboard in Resources */,
				D3C59B622A7A71C4002143EF /* ShowTableViewCell.xib in Resources */,
				D3C5FCC62A5D73BD00DF5A4D /* Assets.xcassets in Resources */,
				D3C5FCC42A5D73BB00DF5A4D /* Main.storyboard in Resources */,
			);
			runOnlyForDeploymentPostprocessing = 0;
		};
/* End PBXResourcesBuildPhase section */

/* Begin PBXSourcesBuildPhase section */
		D3C5FCB52A5D73BB00DF5A4D /* Sources */ = {
			isa = PBXSourcesBuildPhase;
			buildActionMask = 2147483647;
			files = (
				D3E9E1842A65834A00331B1E /* SelectedModel.swift in Sources */,
				D3E9E1822A64A89000331B1E /* DetailsApiService.swift in Sources */,
				D3E75C932A5EF6D1003BA58E /* Hash-TS.swift in Sources */,
				D3E75C9C2A61BEBA003BA58E /* MainViewModel.swift in Sources */,
				D3C5FCC12A5D73BB00DF5A4D /* MainViewController.swift in Sources */,
				D3C59B612A7A71C4002143EF /* ShowTableViewCell.swift in Sources */,
				D3C5FCBD2A5D73BB00DF5A4D /* AppDelegate.swift in Sources */,
				D3E9E18E2A667AC700331B1E /* UseCase.swift in Sources */,
				D3C5FCBF2A5D73BB00DF5A4D /* SceneDelegate.swift in Sources */,
				D3E75C952A5EFA5A003BA58E /* MarvelModel.swift in Sources */,
				D3E75C912A5EF639003BA58E /* MarvelApiService.swift in Sources */,
				D3E75CA22A6302B0003BA58E /* FetchPhoto.swift in Sources */,
			);
			runOnlyForDeploymentPostprocessing = 0;
		};
/* End PBXSourcesBuildPhase section */

/* Begin PBXVariantGroup section */
		D3C5FCC22A5D73BB00DF5A4D /* Main.storyboard */ = {
			isa = PBXVariantGroup;
			children = (
				D3C5FCC32A5D73BB00DF5A4D /* Base */,
			);
			name = Main.storyboard;
			sourceTree = "<group>";
		};
		D3C5FCC72A5D73BD00DF5A4D /* LaunchScreen.storyboard */ = {
			isa = PBXVariantGroup;
			children = (
				D3C5FCC82A5D73BD00DF5A4D /* Base */,
			);
			name = LaunchScreen.storyboard;
			sourceTree = "<group>";
		};
/* End PBXVariantGroup section */

/* Begin XCBuildConfiguration section */
		D3C5FCCB2A5D73BD00DF5A4D /* Debug */ = {
			isa = XCBuildConfiguration;
			buildSettings = {
				ALWAYS_SEARCH_USER_PATHS = NO;
				CLANG_ANALYZER_NONNULL = YES;
				CLANG_ANALYZER_NUMBER_OBJECT_CONVERSION = YES_AGGRESSIVE;
				CLANG_CXX_LANGUAGE_STANDARD = "gnu++20";
				CLANG_ENABLE_MODULES = YES;
				CLANG_ENABLE_OBJC_ARC = YES;
				CLANG_ENABLE_OBJC_WEAK = YES;
				CLANG_WARN_BLOCK_CAPTURE_AUTORELEASING = YES;
				CLANG_WARN_BOOL_CONVERSION = YES;
				CLANG_WARN_COMMA = YES;
				CLANG_WARN_CONSTANT_CONVERSION = YES;
				CLANG_WARN_DEPRECATED_OBJC_IMPLEMENTATIONS = YES;
				CLANG_WARN_DIRECT_OBJC_ISA_USAGE = YES_ERROR;
				CLANG_WARN_DOCUMENTATION_COMMENTS = YES;
				CLANG_WARN_EMPTY_BODY = YES;
				CLANG_WARN_ENUM_CONVERSION = YES;
				CLANG_WARN_INFINITE_RECURSION = YES;
				CLANG_WARN_INT_CONVERSION = YES;
				CLANG_WARN_NON_LITERAL_NULL_CONVERSION = YES;
				CLANG_WARN_OBJC_IMPLICIT_RETAIN_SELF = YES;
				CLANG_WARN_OBJC_LITERAL_CONVERSION = YES;
				CLANG_WARN_OBJC_ROOT_CLASS = YES_ERROR;
				CLANG_WARN_QUOTED_INCLUDE_IN_FRAMEWORK_HEADER = YES;
				CLANG_WARN_RANGE_LOOP_ANALYSIS = YES;
				CLANG_WARN_STRICT_PROTOTYPES = YES;
				CLANG_WARN_SUSPICIOUS_MOVE = YES;
				CLANG_WARN_UNGUARDED_AVAILABILITY = YES_AGGRESSIVE;
				CLANG_WARN_UNREACHABLE_CODE = YES;
				CLANG_WARN__DUPLICATE_METHOD_MATCH = YES;
				COPY_PHASE_STRIP = NO;
				DEBUG_INFORMATION_FORMAT = dwarf;
				ENABLE_STRICT_OBJC_MSGSEND = YES;
				ENABLE_TESTABILITY = YES;
				GCC_C_LANGUAGE_STANDARD = gnu11;
				GCC_DYNAMIC_NO_PIC = NO;
				GCC_NO_COMMON_BLOCKS = YES;
				GCC_OPTIMIZATION_LEVEL = 0;
				GCC_PREPROCESSOR_DEFINITIONS = (
					"DEBUG=1",
					"$(inherited)",
				);
				GCC_WARN_64_TO_32_BIT_CONVERSION = YES;
				GCC_WARN_ABOUT_RETURN_TYPE = YES_ERROR;
				GCC_WARN_UNDECLARED_SELECTOR = YES;
				GCC_WARN_UNINITIALIZED_AUTOS = YES_AGGRESSIVE;
				GCC_WARN_UNUSED_FUNCTION = YES;
				GCC_WARN_UNUSED_VARIABLE = YES;
				IPHONEOS_DEPLOYMENT_TARGET = 16.2;
				MTL_ENABLE_DEBUG_INFO = INCLUDE_SOURCE;
				MTL_FAST_MATH = YES;
				ONLY_ACTIVE_ARCH = YES;
				SDKROOT = iphoneos;
				SWIFT_ACTIVE_COMPILATION_CONDITIONS = DEBUG;
				SWIFT_OPTIMIZATION_LEVEL = "-Onone";
			};
			name = Debug;
		};
		D3C5FCCC2A5D73BD00DF5A4D /* Release */ = {
			isa = XCBuildConfiguration;
			buildSettings = {
				ALWAYS_SEARCH_USER_PATHS = NO;
				CLANG_ANALYZER_NONNULL = YES;
				CLANG_ANALYZER_NUMBER_OBJECT_CONVERSION = YES_AGGRESSIVE;
				CLANG_CXX_LANGUAGE_STANDARD = "gnu++20";
				CLANG_ENABLE_MODULES = YES;
				CLANG_ENABLE_OBJC_ARC = YES;
				CLANG_ENABLE_OBJC_WEAK = YES;
				CLANG_WARN_BLOCK_CAPTURE_AUTORELEASING = YES;
				CLANG_WARN_BOOL_CONVERSION = YES;
				CLANG_WARN_COMMA = YES;
				CLANG_WARN_CONSTANT_CONVERSION = YES;
				CLANG_WARN_DEPRECATED_OBJC_IMPLEMENTATIONS = YES;
				CLANG_WARN_DIRECT_OBJC_ISA_USAGE = YES_ERROR;
				CLANG_WARN_DOCUMENTATION_COMMENTS = YES;
				CLANG_WARN_EMPTY_BODY = YES;
				CLANG_WARN_ENUM_CONVERSION = YES;
				CLANG_WARN_INFINITE_RECURSION = YES;
				CLANG_WARN_INT_CONVERSION = YES;
				CLANG_WARN_NON_LITERAL_NULL_CONVERSION = YES;
				CLANG_WARN_OBJC_IMPLICIT_RETAIN_SELF = YES;
				CLANG_WARN_OBJC_LITERAL_CONVERSION = YES;
				CLANG_WARN_OBJC_ROOT_CLASS = YES_ERROR;
				CLANG_WARN_QUOTED_INCLUDE_IN_FRAMEWORK_HEADER = YES;
				CLANG_WARN_RANGE_LOOP_ANALYSIS = YES;
				CLANG_WARN_STRICT_PROTOTYPES = YES;
				CLANG_WARN_SUSPICIOUS_MOVE = YES;
				CLANG_WARN_UNGUARDED_AVAILABILITY = YES_AGGRESSIVE;
				CLANG_WARN_UNREACHABLE_CODE = YES;
				CLANG_WARN__DUPLICATE_METHOD_MATCH = YES;
				COPY_PHASE_STRIP = NO;
				DEBUG_INFORMATION_FORMAT = "dwarf-with-dsym";
				ENABLE_NS_ASSERTIONS = NO;
				ENABLE_STRICT_OBJC_MSGSEND = YES;
				GCC_C_LANGUAGE_STANDARD = gnu11;
				GCC_NO_COMMON_BLOCKS = YES;
				GCC_WARN_64_TO_32_BIT_CONVERSION = YES;
				GCC_WARN_ABOUT_RETURN_TYPE = YES_ERROR;
				GCC_WARN_UNDECLARED_SELECTOR = YES;
				GCC_WARN_UNINITIALIZED_AUTOS = YES_AGGRESSIVE;
				GCC_WARN_UNUSED_FUNCTION = YES;
				GCC_WARN_UNUSED_VARIABLE = YES;
				IPHONEOS_DEPLOYMENT_TARGET = 16.2;
				MTL_ENABLE_DEBUG_INFO = NO;
				MTL_FAST_MATH = YES;
				SDKROOT = iphoneos;
				SWIFT_COMPILATION_MODE = wholemodule;
				SWIFT_OPTIMIZATION_LEVEL = "-O";
				VALIDATE_PRODUCT = YES;
			};
			name = Release;
		};
		D3C5FCCE2A5D73BD00DF5A4D /* Debug */ = {
			isa = XCBuildConfiguration;
			buildSettings = {
				ASSETCATALOG_COMPILER_APPICON_NAME = AppIcon;
				ASSETCATALOG_COMPILER_GLOBAL_ACCENT_COLOR_NAME = AccentColor;
				CODE_SIGN_STYLE = Automatic;
				CURRENT_PROJECT_VERSION = 1;
				GENERATE_INFOPLIST_FILE = YES;
				INFOPLIST_FILE = MarvelShows/Info.plist;
				INFOPLIST_KEY_UIApplicationSupportsIndirectInputEvents = YES;
				INFOPLIST_KEY_UILaunchStoryboardName = LaunchScreen;
				INFOPLIST_KEY_UIMainStoryboardFile = Main;
				INFOPLIST_KEY_UISupportedInterfaceOrientations_iPad = "UIInterfaceOrientationPortrait UIInterfaceOrientationPortraitUpsideDown UIInterfaceOrientationLandscapeLeft UIInterfaceOrientationLandscapeRight";
				INFOPLIST_KEY_UISupportedInterfaceOrientations_iPhone = "UIInterfaceOrientationPortrait UIInterfaceOrientationLandscapeLeft UIInterfaceOrientationLandscapeRight";
				LD_RUNPATH_SEARCH_PATHS = (
					"$(inherited)",
					"@executable_path/Frameworks",
				);
				MARKETING_VERSION = 1.0;
				PRODUCT_BUNDLE_IDENTIFIER = com.DemeRy.MarvelShows;
				PRODUCT_NAME = "$(TARGET_NAME)";
				SWIFT_EMIT_LOC_STRINGS = YES;
				SWIFT_VERSION = 5.0;
				TARGETED_DEVICE_FAMILY = "1,2";
			};
			name = Debug;
		};
		D3C5FCCF2A5D73BD00DF5A4D /* Release */ = {
			isa = XCBuildConfiguration;
			buildSettings = {
				ASSETCATALOG_COMPILER_APPICON_NAME = AppIcon;
				ASSETCATALOG_COMPILER_GLOBAL_ACCENT_COLOR_NAME = AccentColor;
				CODE_SIGN_STYLE = Automatic;
				CURRENT_PROJECT_VERSION = 1;
				GENERATE_INFOPLIST_FILE = YES;
				INFOPLIST_FILE = MarvelShows/Info.plist;
				INFOPLIST_KEY_UIApplicationSupportsIndirectInputEvents = YES;
				INFOPLIST_KEY_UILaunchStoryboardName = LaunchScreen;
				INFOPLIST_KEY_UIMainStoryboardFile = Main;
				INFOPLIST_KEY_UISupportedInterfaceOrientations_iPad = "UIInterfaceOrientationPortrait UIInterfaceOrientationPortraitUpsideDown UIInterfaceOrientationLandscapeLeft UIInterfaceOrientationLandscapeRight";
				INFOPLIST_KEY_UISupportedInterfaceOrientations_iPhone = "UIInterfaceOrientationPortrait UIInterfaceOrientationLandscapeLeft UIInterfaceOrientationLandscapeRight";
				LD_RUNPATH_SEARCH_PATHS = (
					"$(inherited)",
					"@executable_path/Frameworks",
				);
				MARKETING_VERSION = 1.0;
				PRODUCT_BUNDLE_IDENTIFIER = com.DemeRy.MarvelShows;
				PRODUCT_NAME = "$(TARGET_NAME)";
				SWIFT_EMIT_LOC_STRINGS = YES;
				SWIFT_VERSION = 5.0;
				TARGETED_DEVICE_FAMILY = "1,2";
			};
			name = Release;
		};
/* End XCBuildConfiguration section */

/* Begin XCConfigurationList section */
		D3C5FCB42A5D73BB00DF5A4D /* Build configuration list for PBXProject "MarvelShows" */ = {
			isa = XCConfigurationList;
			buildConfigurations = (
				D3C5FCCB2A5D73BD00DF5A4D /* Debug */,
				D3C5FCCC2A5D73BD00DF5A4D /* Release */,
			);
			defaultConfigurationIsVisible = 0;
			defaultConfigurationName = Release;
		};
		D3C5FCCD2A5D73BD00DF5A4D /* Build configuration list for PBXNativeTarget "MarvelShows" */ = {
			isa = XCConfigurationList;
			buildConfigurations = (
				D3C5FCCE2A5D73BD00DF5A4D /* Debug */,
				D3C5FCCF2A5D73BD00DF5A4D /* Release */,
			);
			defaultConfigurationIsVisible = 0;
			defaultConfigurationName = Release;
		};
/* End XCConfigurationList section */
	};
	rootObject = D3C5FCB12A5D73BB00DF5A4D /* Project object */;
}
